
Microsoft Visual Studio Solution File, Format Version 12.00
# Visual Studio 15
Project("{FAE04EC0-301F-11D3-BF4B-00C04F79EFBC}") = "UnityEngine.UI", "UnityEngine.UI.csproj", "{755CACF4-3D90-BA03-8308-7D88BED67DBE}"
EndProject
Project("{FAE04EC0-301F-11D3-BF4B-00C04F79EFBC}") = "Zenject", "Zenject.csproj", "{1CA3B392-0E84-2CA5-9C1C-D8C61758AC9A}"
EndProject
Project("{FAE04EC0-301F-11D3-BF4B-00C04F79EFBC}") = "Assembly-CSharp", "Assembly-CSharp.csproj", "{D9E73B11-3EF3-4E08-6E1A-A55ABF398C7C}"
EndProject
Project("{FAE04EC0-301F-11D3-BF4B-00C04F79EFBC}") = "Zenject-IntegrationTests", "Zenject-IntegrationTests.csproj", "{84F8173D-1A4A-5738-21E8-C8813E6374DF}"
EndProject
Project("{FAE04EC0-301F-11D3-BF4B-00C04F79EFBC}") = "Zenject-IntegrationTests-Editor", "Zenject-IntegrationTests-Editor.csproj", "{C6202A64-9CB9-27F3-C726-D1884E14F246}"
EndProject
Project("{FAE04EC0-301F-11D3-BF4B-00C04F79EFBC}") = "Zenject-PoolMonitor-Editor", "Zenject-PoolMonitor-Editor.csproj", "{A2D34824-55F2-37F1-350D-6850E9383A4D}"
EndProject
Project("{FAE04EC0-301F-11D3-BF4B-00C04F79EFBC}") = "Zenject-UnitTests-Editor", "Zenject-UnitTests-Editor.csproj", "{10528D9D-CBC0-4A46-5427-41C2F1D6EF05}"
EndProject
Project("{FAE04EC0-301F-11D3-BF4B-00C04F79EFBC}") = "Unity.2D.Tilemap.Editor", "Unity.2D.Tilemap.Editor.csproj", "{CFB61452-7DF6-D2FA-F0FB-115DFD000CF0}"
EndProject
Project("{FAE04EC0-301F-11D3-BF4B-00C04F79EFBC}") = "Zenject-ReflectionBaking-Editor", "Zenject-ReflectionBaking-Editor.csproj", "{D9BACEE8-1D00-2480-83E5-8980120FF66E}"
EndProject
Project("{FAE04EC0-301F-11D3-BF4B-00C04F79EFBC}") = "Unity.2D.Sprite.Editor", "Unity.2D.Sprite.Editor.csproj", "{5F28FF79-39FC-FAC9-00A4-DDCD47414AA5}"
EndProject
Project("{FAE04EC0-301F-11D3-BF4B-00C04F79EFBC}") = "UnityEditor.UI", "UnityEditor.UI.csproj", "{F5452DB6-C6CA-AB2F-ACE5-8C76327F5EA1}"
EndProject
Project("{FAE04EC0-301F-11D3-BF4B-00C04F79EFBC}") = "Zenject-TestFramework", "Zenject-TestFramework.csproj", "{08828E6A-90C5-5164-8E5E-47D94237AB23}"
EndProject
Project("{FAE04EC0-301F-11D3-BF4B-00C04F79EFBC}") = "Zenject-Editor", "Zenject-Editor.csproj", "{57776C79-5883-8CFD-F7D6-F62DA4E50CA0}"
EndProject
Global
	GlobalSection(SolutionConfigurationPlatforms) = preSolution
		Debug|Any CPU = Debug|Any CPU
		Release|Any CPU = Release|Any CPU
	EndGlobalSection
	GlobalSection(ProjectConfigurationPlatforms) = postSolution
		{755CACF4-3D90-BA03-8308-7D88BED67DBE}.Debug|Any CPU.ActiveCfg = Debug|Any CPU
		{755CACF4-3D90-BA03-8308-7D88BED67DBE}.Debug|Any CPU.Build.0 = Debug|Any CPU
		{755CACF4-3D90-BA03-8308-7D88BED67DBE}.Release|Any CPU.ActiveCfg = Release|Any CPU
		{755CACF4-3D90-BA03-8308-7D88BED67DBE}.Release|Any CPU.Build.0 = Release|Any CPU
		{1CA3B392-0E84-2CA5-9C1C-D8C61758AC9A}.Debug|Any CPU.ActiveCfg = Debug|Any CPU
		{1CA3B392-0E84-2CA5-9C1C-D8C61758AC9A}.Debug|Any CPU.Build.0 = Debug|Any CPU
		{1CA3B392-0E84-2CA5-9C1C-D8C61758AC9A}.Release|Any CPU.ActiveCfg = Release|Any CPU
		{1CA3B392-0E84-2CA5-9C1C-D8C61758AC9A}.Release|Any CPU.Build.0 = Release|Any CPU
		{D9E73B11-3EF3-4E08-6E1A-A55ABF398C7C}.Debug|Any CPU.ActiveCfg = Debug|Any CPU
		{D9E73B11-3EF3-4E08-6E1A-A55ABF398C7C}.Debug|Any CPU.Build.0 = Debug|Any CPU
		{D9E73B11-3EF3-4E08-6E1A-A55ABF398C7C}.Release|Any CPU.ActiveCfg = Release|Any CPU
		{D9E73B11-3EF3-4E08-6E1A-A55ABF398C7C}.Release|Any CPU.Build.0 = Release|Any CPU
		{84F8173D-1A4A-5738-21E8-C8813E6374DF}.Debug|Any CPU.ActiveCfg = Debug|Any CPU
		{84F8173D-1A4A-5738-21E8-C8813E6374DF}.Debug|Any CPU.Build.0 = Debug|Any CPU
		{84F8173D-1A4A-5738-21E8-C8813E6374DF}.Release|Any CPU.ActiveCfg = Release|Any CPU
		{84F8173D-1A4A-5738-21E8-C8813E6374DF}.Release|Any CPU.Build.0 = Release|Any CPU
		{C6202A64-9CB9-27F3-C726-D1884E14F246}.Debug|Any CPU.ActiveCfg = Debug|Any CPU
		{C6202A64-9CB9-27F3-C726-D1884E14F246}.Debug|Any CPU.Build.0 = Debug|Any CPU
		{C6202A64-9CB9-27F3-C726-D1884E14F246}.Release|Any CPU.ActiveCfg = Release|Any CPU
		{C6202A64-9CB9-27F3-C726-D1884E14F246}.Release|Any CPU.Build.0 = Release|Any CPU
		{A2D34824-55F2-37F1-350D-6850E9383A4D}.Debug|Any CPU.ActiveCfg = Debug|Any CPU
		{A2D34824-55F2-37F1-350D-6850E9383A4D}.Debug|Any CPU.Build.0 = Debug|Any CPU
		{A2D34824-55F2-37F1-350D-6850E9383A4D}.Release|Any CPU.ActiveCfg = Release|Any CPU
		{A2D34824-55F2-37F1-350D-6850E9383A4D}.Release|Any CPU.Build.0 = Release|Any CPU
		{10528D9D-CBC0-4A46-5427-41C2F1D6EF05}.Debug|Any CPU.ActiveCfg = Debug|Any CPU
		{10528D9D-CBC0-4A46-5427-41C2F1D6EF05}.Debug|Any CPU.Build.0 = Debug|Any CPU
		{10528D9D-CBC0-4A46-5427-41C2F1D6EF05}.Release|Any CPU.ActiveCfg = Release|Any CPU
		{10528D9D-CBC0-4A46-5427-41C2F1D6EF05}.Release|Any CPU.Build.0 = Release|Any CPU
		{CFB61452-7DF6-D2FA-F0FB-115DFD000CF0}.Debug|Any CPU.ActiveCfg = Debug|Any CPU
		{CFB61452-7DF6-D2FA-F0FB-115DFD000CF0}.Debug|Any CPU.Build.0 = Debug|Any CPU
		{CFB61452-7DF6-D2FA-F0FB-115DFD000CF0}.Release|Any CPU.ActiveCfg = Release|Any CPU
		{CFB61452-7DF6-D2FA-F0FB-115DFD000CF0}.Release|Any CPU.Build.0 = Release|Any CPU
		{D9BACEE8-1D00-2480-83E5-8980120FF66E}.Debug|Any CPU.ActiveCfg = Debug|Any CPU
		{D9BACEE8-1D00-2480-83E5-8980120FF66E}.Debug|Any CPU.Build.0 = Debug|Any CPU
		{D9BACEE8-1D00-2480-83E5-8980120FF66E}.Release|Any CPU.ActiveCfg = Release|Any CPU
		{D9BACEE8-1D00-2480-83E5-8980120FF66E}.Release|Any CPU.Build.0 = Release|Any CPU
		{5F28FF79-39FC-FAC9-00A4-DDCD47414AA5}.Debug|Any CPU.ActiveCfg = Debug|Any CPU
		{5F28FF79-39FC-FAC9-00A4-DDCD47414AA5}.Debug|Any CPU.Build.0 = Debug|Any CPU
		{5F28FF79-39FC-FAC9-00A4-DDCD47414AA5}.Release|Any CPU.ActiveCfg = Release|Any CPU
		{5F28FF79-39FC-FAC9-00A4-DDCD47414AA5}.Release|Any CPU.Build.0 = Release|Any CPU
		{F5452DB6-C6CA-AB2F-ACE5-8C76327F5EA1}.Debug|Any CPU.ActiveCfg = Debug|Any CPU
		{F5452DB6-C6CA-AB2F-ACE5-8C76327F5EA1}.Debug|Any CPU.Build.0 = Debug|Any CPU
		{F5452DB6-C6CA-AB2F-ACE5-8C76327F5EA1}.Release|Any CPU.ActiveCfg = Release|Any CPU
		{F5452DB6-C6CA-AB2F-ACE5-8C76327F5EA1}.Release|Any CPU.Build.0 = Release|Any CPU
		{08828E6A-90C5-5164-8E5E-47D94237AB23}.Debug|Any CPU.ActiveCfg = Debug|Any CPU
		{08828E6A-90C5-5164-8E5E-47D94237AB23}.Debug|Any CPU.Build.0 = Debug|Any CPU
		{08828E6A-90C5-5164-8E5E-47D94237AB23}.Release|Any CPU.ActiveCfg = Release|Any CPU
		{08828E6A-90C5-5164-8E5E-47D94237AB23}.Release|Any CPU.Build.0 = Release|Any CPU
		{57776C79-5883-8CFD-F7D6-F62DA4E50CA0}.Debug|Any CPU.ActiveCfg = Debug|Any CPU
		{57776C79-5883-8CFD-F7D6-F62DA4E50CA0}.Debug|Any CPU.Build.0 = Debug|Any CPU
		{57776C79-5883-8CFD-F7D6-F62DA4E50CA0}.Release|Any CPU.ActiveCfg = Release|Any CPU
		{57776C79-5883-8CFD-F7D6-F62DA4E50CA0}.Release|Any CPU.Build.0 = Release|Any CPU
	EndGlobalSection
	GlobalSection(SolutionProperties) = preSolution
		HideSolutionNode = FALSE
	EndGlobalSection
EndGlobal
